
Microsoft Visual Studio Solution File, Format Version 12.00
# Visual Studio Version 17
VisualStudioVersion = 17.6.33513.286
MinimumVisualStudioVersion = 10.0.40219.1
Project("{FAE04EC0-301F-11D3-BF4B-00C04F79EFBC}") = "SpikepropSharp", "SpikepropSharp\SpikepropSharp.csproj", "{B1F32660-D7C0-43DA-B986-6EF36841F35D}"
EndProject
Global
	GlobalSection(SolutionConfigurationPlatforms) = preSolution
		Debug|Any CPU = Debug|Any CPU
		Release|Any CPU = Release|Any CPU
	EndGlobalSection
	GlobalSection(ProjectConfigurationPlatforms) = postSolution
		{B1F32660-D7C0-43DA-B986-6EF36841F35D}.Debug|Any CPU.ActiveCfg = Debug|Any CPU
		{B1F32660-D7C0-43DA-B986-6EF36841F35D}.Debug|Any CPU.Build.0 = Debug|Any CPU
		{B1F32660-D7C0-43DA-B986-6EF36841F35D}.Release|Any CPU.ActiveCfg = Release|Any CPU
		{B1F32660-D7C0-43DA-B986-6EF36841F35D}.Release|Any CPU.Build.0 = Release|Any CPU
	EndGlobalSection
	GlobalSection(SolutionProperties) = preSolution
		HideSolutionNode = FALSE
	EndGlobalSection
	GlobalSection(ExtensibilityGlobals) = postSolution
		SolutionGuid = {F158E1C0-7E31-4019-8246-2CE05846B963}
	EndGlobalSection
EndGlobal
